Microsoft Visual Studio Solution File, Format Version 12.00
Project("{FAE04EC0-301F-11D3-BF4B-00C04F79EFBC}") = "WormsBasic", "WormsBasic\WormsBasic.csproj", "{C46BF666-4350-41D7-AA0F-901245C3C0F4}"
EndProject
Project("{FAE04EC0-301F-11D3-BF4B-00C04F79EFBC}") = "WormsAdvanced", "WormsAdvanced\WormsAdvanced.csproj", "{8DAED216-53A3-465B-AFFE-3AB6C716B7CE}"
EndProject
Project("{FAE04EC0-301F-11D3-BF4B-00C04F79EFBC}") = "WormsDIContainers", "WormsDIContainers\WormsDIContainers.csproj", "{15D70444-794A-4203-9661-5CB77E2343A4}"
EndProject
Project("{FAE04EC0-301F-11D3-BF4B-00C04F79EFBC}") = "WormsTests", "WormsTests\WormsTests.csproj", "{0C74F756-AF33-4372-9FC6-CE9D650D4EA2}"
EndProject
Global
	GlobalSection(SolutionConfigurationPlatforms) = preSolution
		Debug|Any CPU = Debug|Any CPU
		Release|Any CPU = Release|Any CPU
	EndGlobalSection
	GlobalSection(ProjectConfigurationPlatforms) = postSolution
		{C46BF666-4350-41D7-AA0F-901245C3C0F4}.Debug|Any CPU.ActiveCfg = Debug|Any CPU
		{C46BF666-4350-41D7-AA0F-901245C3C0F4}.Debug|Any CPU.Build.0 = Debug|Any CPU
		{C46BF666-4350-41D7-AA0F-901245C3C0F4}.Release|Any CPU.ActiveCfg = Release|Any CPU
		{C46BF666-4350-41D7-AA0F-901245C3C0F4}.Release|Any CPU.Build.0 = Release|Any CPU
		{8DAED216-53A3-465B-AFFE-3AB6C716B7CE}.Debug|Any CPU.ActiveCfg = Debug|Any CPU
		{8DAED216-53A3-465B-AFFE-3AB6C716B7CE}.Debug|Any CPU.Build.0 = Debug|Any CPU
		{8DAED216-53A3-465B-AFFE-3AB6C716B7CE}.Release|Any CPU.ActiveCfg = Release|Any CPU
		{8DAED216-53A3-465B-AFFE-3AB6C716B7CE}.Release|Any CPU.Build.0 = Release|Any CPU
		{15D70444-794A-4203-9661-5CB77E2343A4}.Debug|Any CPU.ActiveCfg = Debug|Any CPU
		{15D70444-794A-4203-9661-5CB77E2343A4}.Debug|Any CPU.Build.0 = Debug|Any CPU
		{15D70444-794A-4203-9661-5CB77E2343A4}.Release|Any CPU.ActiveCfg = Release|Any CPU
		{15D70444-794A-4203-9661-5CB77E2343A4}.Release|Any CPU.Build.0 = Release|Any CPU
		{0C74F756-AF33-4372-9FC6-CE9D650D4EA2}.Debug|Any CPU.ActiveCfg = Debug|Any CPU
		{0C74F756-AF33-4372-9FC6-CE9D650D4EA2}.Debug|Any CPU.Build.0 = Debug|Any CPU
		{0C74F756-AF33-4372-9FC6-CE9D650D4EA2}.Release|Any CPU.ActiveCfg = Release|Any CPU
		{0C74F756-AF33-4372-9FC6-CE9D650D4EA2}.Release|Any CPU.Build.0 = Release|Any CPU
	EndGlobalSection
EndGlobal
