Microsoft Visual Studio Solution File, Format Version 12.00
Project("{FAE04EC0-301F-11D3-BF4B-00C04F79EFBC}") = "WormsBasic", "WormsBasic\WormsBasic.csproj", "{C46BF666-4350-41D7-AA0F-901245C3C0F4}"
EndProject
Project("{FAE04EC0-301F-11D3-BF4B-00C04F79EFBC}") = "WormsAdvanced", "WormsAdvanced\WormsAdvanced.csproj", "{8DAED216-53A3-465B-AFFE-3AB6C716B7CE}"
EndProject
Project("{FAE04EC0-301F-11D3-BF4B-00C04F79EFBC}") = "WormsDIContainers", "WormsDIContainers\WormsDIContainers.csproj", "{15D70444-794A-4203-9661-5CB77E2343A4}"
EndProject
Project("{FAE04EC0-301F-11D3-BF4B-00C04F79EFBC}") = "WormsTests", "WormsTests\WormsTests.csproj", "{0C74F756-AF33-4372-9FC6-CE9D650D4EA2}"
EndProject
Project("{FAE04EC0-301F-11D3-BF4B-00C04F79EFBC}") = "WormsDatabase", "WormsDatabase\WormsDatabase.csproj", "{D8F17EB7-865E-473B-A875-D9B68248B648}"
EndProject
Project("{FAE04EC0-301F-11D3-BF4B-00C04F79EFBC}") = "WorldGenerator", "WorldGenerator\WorldGenerator.csproj", "{DF964509-E3E6-411C-8E86-28F390BAAECE}"
EndProject
Project("{FAE04EC0-301F-11D3-BF4B-00C04F79EFBC}") = "WormsGeneratedWorld", "WormsGeneratedWorld\WormsGeneratedWorld.csproj", "{84F60C78-4134-4411-A5EC-BB0C061E489B}"
EndProject
Project("{FAE04EC0-301F-11D3-BF4B-00C04F79EFBC}") = "WormsStrategyServer", "WormsStrategyServer\WormsStrategyServer.csproj", "{92C9C787-09A1-41D7-B976-A8E60FD7B9FC}"
EndProject
Project("{FAE04EC0-301F-11D3-BF4B-00C04F79EFBC}") = "WormStrategyAPI", "WormStrategyAPI\WormStrategyAPI.csproj", "{66574976-B9AD-48CB-91FC-70DFA143D825}"
EndProject
Project("{FAE04EC0-301F-11D3-BF4B-00C04F79EFBC}") = "WormsStrategyClient", "WormsStrategyClient\WormsStrategyClient.csproj", "{F38AE9EB-EE1E-41CB-A3D3-FB831D34E582}"
EndProject
Global
	GlobalSection(SolutionConfigurationPlatforms) = preSolution
		Debug|Any CPU = Debug|Any CPU
		Release|Any CPU = Release|Any CPU
	EndGlobalSection
	GlobalSection(ProjectConfigurationPlatforms) = postSolution
		{C46BF666-4350-41D7-AA0F-901245C3C0F4}.Debug|Any CPU.ActiveCfg = Debug|Any CPU
		{C46BF666-4350-41D7-AA0F-901245C3C0F4}.Debug|Any CPU.Build.0 = Debug|Any CPU
		{C46BF666-4350-41D7-AA0F-901245C3C0F4}.Release|Any CPU.ActiveCfg = Release|Any CPU
		{C46BF666-4350-41D7-AA0F-901245C3C0F4}.Release|Any CPU.Build.0 = Release|Any CPU
		{8DAED216-53A3-465B-AFFE-3AB6C716B7CE}.Debug|Any CPU.ActiveCfg = Debug|Any CPU
		{8DAED216-53A3-465B-AFFE-3AB6C716B7CE}.Debug|Any CPU.Build.0 = Debug|Any CPU
		{8DAED216-53A3-465B-AFFE-3AB6C716B7CE}.Release|Any CPU.ActiveCfg = Release|Any CPU
		{8DAED216-53A3-465B-AFFE-3AB6C716B7CE}.Release|Any CPU.Build.0 = Release|Any CPU
		{15D70444-794A-4203-9661-5CB77E2343A4}.Debug|Any CPU.ActiveCfg = Debug|Any CPU
		{15D70444-794A-4203-9661-5CB77E2343A4}.Debug|Any CPU.Build.0 = Debug|Any CPU
		{15D70444-794A-4203-9661-5CB77E2343A4}.Release|Any CPU.ActiveCfg = Release|Any CPU
		{15D70444-794A-4203-9661-5CB77E2343A4}.Release|Any CPU.Build.0 = Release|Any CPU
		{0C74F756-AF33-4372-9FC6-CE9D650D4EA2}.Debug|Any CPU.ActiveCfg = Debug|Any CPU
		{0C74F756-AF33-4372-9FC6-CE9D650D4EA2}.Debug|Any CPU.Build.0 = Debug|Any CPU
		{0C74F756-AF33-4372-9FC6-CE9D650D4EA2}.Release|Any CPU.ActiveCfg = Release|Any CPU
		{0C74F756-AF33-4372-9FC6-CE9D650D4EA2}.Release|Any CPU.Build.0 = Release|Any CPU
		{D8F17EB7-865E-473B-A875-D9B68248B648}.Debug|Any CPU.ActiveCfg = Debug|Any CPU
		{D8F17EB7-865E-473B-A875-D9B68248B648}.Debug|Any CPU.Build.0 = Debug|Any CPU
		{D8F17EB7-865E-473B-A875-D9B68248B648}.Release|Any CPU.ActiveCfg = Release|Any CPU
		{D8F17EB7-865E-473B-A875-D9B68248B648}.Release|Any CPU.Build.0 = Release|Any CPU
		{DF964509-E3E6-411C-8E86-28F390BAAECE}.Debug|Any CPU.ActiveCfg = Debug|Any CPU
		{DF964509-E3E6-411C-8E86-28F390BAAECE}.Debug|Any CPU.Build.0 = Debug|Any CPU
		{DF964509-E3E6-411C-8E86-28F390BAAECE}.Release|Any CPU.ActiveCfg = Release|Any CPU
		{DF964509-E3E6-411C-8E86-28F390BAAECE}.Release|Any CPU.Build.0 = Release|Any CPU
		{84F60C78-4134-4411-A5EC-BB0C061E489B}.Debug|Any CPU.ActiveCfg = Debug|Any CPU
		{84F60C78-4134-4411-A5EC-BB0C061E489B}.Debug|Any CPU.Build.0 = Debug|Any CPU
		{84F60C78-4134-4411-A5EC-BB0C061E489B}.Release|Any CPU.ActiveCfg = Release|Any CPU
		{84F60C78-4134-4411-A5EC-BB0C061E489B}.Release|Any CPU.Build.0 = Release|Any CPU
		{92C9C787-09A1-41D7-B976-A8E60FD7B9FC}.Debug|Any CPU.ActiveCfg = Debug|Any CPU
		{92C9C787-09A1-41D7-B976-A8E60FD7B9FC}.Debug|Any CPU.Build.0 = Debug|Any CPU
		{92C9C787-09A1-41D7-B976-A8E60FD7B9FC}.Release|Any CPU.ActiveCfg = Release|Any CPU
		{92C9C787-09A1-41D7-B976-A8E60FD7B9FC}.Release|Any CPU.Build.0 = Release|Any CPU
		{66574976-B9AD-48CB-91FC-70DFA143D825}.Debug|Any CPU.ActiveCfg = Debug|Any CPU
		{66574976-B9AD-48CB-91FC-70DFA143D825}.Debug|Any CPU.Build.0 = Debug|Any CPU
		{66574976-B9AD-48CB-91FC-70DFA143D825}.Release|Any CPU.ActiveCfg = Release|Any CPU
		{66574976-B9AD-48CB-91FC-70DFA143D825}.Release|Any CPU.Build.0 = Release|Any CPU
		{F38AE9EB-EE1E-41CB-A3D3-FB831D34E582}.Debug|Any CPU.ActiveCfg = Debug|Any CPU
		{F38AE9EB-EE1E-41CB-A3D3-FB831D34E582}.Debug|Any CPU.Build.0 = Debug|Any CPU
		{F38AE9EB-EE1E-41CB-A3D3-FB831D34E582}.Release|Any CPU.ActiveCfg = Release|Any CPU
		{F38AE9EB-EE1E-41CB-A3D3-FB831D34E582}.Release|Any CPU.Build.0 = Release|Any CPU
	EndGlobalSection
EndGlobal
